
Microsoft Visual Studio Solution File, Format Version 12.00
# Visual Studio 2015
Project("{FAE04EC0-301F-11D3-BF4B-00C04F79EFBC}") = "Square Off Unity.CSharp", "Square Off Unity.CSharp.csproj", "{CE0F67AF-BBFF-8151-BBD9-F277C7006365}"
EndProject
Global
	GlobalSection(SolutionConfigurationPlatforms) = preSolution
		Debug|Any CPU = Debug|Any CPU
		Release|Any CPU = Release|Any CPU
	EndGlobalSection
	GlobalSection(ProjectConfigurationPlatforms) = postSolution
		{CE0F67AF-BBFF-8151-BBD9-F277C7006365}.Debug|Any CPU.ActiveCfg = Debug|Any CPU
		{CE0F67AF-BBFF-8151-BBD9-F277C7006365}.Debug|Any CPU.Build.0 = Debug|Any CPU
		{CE0F67AF-BBFF-8151-BBD9-F277C7006365}.Release|Any CPU.ActiveCfg = Release|Any CPU
		{CE0F67AF-BBFF-8151-BBD9-F277C7006365}.Release|Any CPU.Build.0 = Release|Any CPU
	EndGlobalSection
	GlobalSection(SolutionProperties) = preSolution
		HideSolutionNode = FALSE
	EndGlobalSection
EndGlobal
